
Microsoft Visual Studio Solution File, Format Version 12.00
# Visual Studio Version 16
VisualStudioVersion = 16.0.29613.14
MinimumVisualStudioVersion = 10.0.40219.1
Project("{9A19103F-16F7-4668-BE54-9A1E7A4F7556}") = "SignalRDotNet", "SignalRDotNet\SignalRDotNet.csproj", "{142D9679-FAE2-4E2C-8A2B-0BB181AA1C94}"
EndProject
Global
	GlobalSection(SolutionConfigurationPlatforms) = preSolution
		Debug|Any CPU = Debug|Any CPU
		Release|Any CPU = Release|Any CPU
	EndGlobalSection
	GlobalSection(ProjectConfigurationPlatforms) = postSolution
		{142D9679-FAE2-4E2C-8A2B-0BB181AA1C94}.Debug|Any CPU.ActiveCfg = Debug|Any CPU
		{142D9679-FAE2-4E2C-8A2B-0BB181AA1C94}.Debug|Any CPU.Build.0 = Debug|Any CPU
		{142D9679-FAE2-4E2C-8A2B-0BB181AA1C94}.Release|Any CPU.ActiveCfg = Release|Any CPU
		{142D9679-FAE2-4E2C-8A2B-0BB181AA1C94}.Release|Any CPU.Build.0 = Release|Any CPU
	EndGlobalSection
	GlobalSection(SolutionProperties) = preSolution
		HideSolutionNode = FALSE
	EndGlobalSection
	GlobalSection(ExtensibilityGlobals) = postSolution
		SolutionGuid = {798E2DA4-1038-49C1-BDC0-992284ACC381}
	EndGlobalSection
EndGlobal
